
Microsoft Visual Studio Solution File, Format Version 12.00
# Visual Studio 15
VisualStudioVersion = 15.0.28307.1321
MinimumVisualStudioVersion = 10.0.40219.1
Project("{FAE04EC0-301F-11D3-BF4B-00C04F79EFBC}") = "CSF1Homework", "CSF1Homework\CSF1Homework.csproj", "{919E2D5A-0CD2-4FCE-9153-F699D9AE554A}"
EndProject
Global
	GlobalSection(SolutionConfigurationPlatforms) = preSolution
		Debug|Any CPU = Debug|Any CPU
		Release|Any CPU = Release|Any CPU
	EndGlobalSection
	GlobalSection(ProjectConfigurationPlatforms) = postSolution
		{919E2D5A-0CD2-4FCE-9153-F699D9AE554A}.Debug|Any CPU.ActiveCfg = Debug|Any CPU
		{919E2D5A-0CD2-4FCE-9153-F699D9AE554A}.Debug|Any CPU.Build.0 = Debug|Any CPU
		{919E2D5A-0CD2-4FCE-9153-F699D9AE554A}.Release|Any CPU.ActiveCfg = Release|Any CPU
		{919E2D5A-0CD2-4FCE-9153-F699D9AE554A}.Release|Any CPU.Build.0 = Release|Any CPU
	EndGlobalSection
	GlobalSection(SolutionProperties) = preSolution
		HideSolutionNode = FALSE
	EndGlobalSection
	GlobalSection(ExtensibilityGlobals) = postSolution
		SolutionGuid = {160F689B-C317-4CAC-92DA-03A4AC3F0B98}
	EndGlobalSection
EndGlobal
